// !$*UTF8*$!
{
	archiveVersion = 1;
	classes = {
	};
	objectVersion = 46;
	objects = {

/* Begin PBXBuildFile section */
		FB011F7F1C6FCEB700353211 /* main.m in Sources */ = {isa = PBXBuildFile; fileRef = FB011F7B1C6FCEB700353211 /* main.m */; };
		FB8755341C9DFB30000C9E27 /* ZKSwizzle.m in Sources */ = {isa = PBXBuildFile; fileRef = FB8755331C9DFB30000C9E27 /* ZKSwizzle.m */; };
		FBB153672002D81F00C49C10 /* ModernOverlay.png in Resources */ = {isa = PBXBuildFile; fileRef = FBB153652002D81F00C49C10 /* ModernOverlay.png */; };
		FBB1536C2002DBCE00C49C10 /* ClassicOverlay.png in Resources */ = {isa = PBXBuildFile; fileRef = FBB1536B2002DBCE00C49C10 /* ClassicOverlay.png */; };
/* End PBXBuildFile section */

/* Begin PBXFileReference section */
		FB011F791C6FCEB700353211 /* Info.plist */ = {isa = PBXFileReference; fileEncoding = 4; lastKnownFileType = text.plist.xml; name = Info.plist; path = spotifyAB/Info.plist; sourceTree = "<group>"; };
		FB011F7A1C6FCEB700353211 /* main.h */ = {isa = PBXFileReference; fileEncoding = 4; lastKnownFileType = sourcecode.c.h; name = main.h; path = spotifyAB/main.h; sourceTree = "<group>"; };
		FB011F7B1C6FCEB700353211 /* main.m */ = {isa = PBXFileReference; fileEncoding = 4; lastKnownFileType = sourcecode.c.objc; name = main.m; path = spotifyAB/main.m; sourceTree = "<group>"; };
		FB8755321C9DFB30000C9E27 /* ZKSwizzle.h */ = {isa = PBXFileReference; fileEncoding = 4; lastKnownFileType = sourcecode.c.h; name = ZKSwizzle.h; path = spotifyAB/ZKSwizzle/ZKSwizzle.h; sourceTree = "<group>"; };
		FB8755331C9DFB30000C9E27 /* ZKSwizzle.m */ = {isa = PBXFileReference; fileEncoding = 4; lastKnownFileType = sourcecode.c.objc; name = ZKSwizzle.m; path = spotifyAB/ZKSwizzle/ZKSwizzle.m; sourceTree = "<group>"; };
		FBB153652002D81F00C49C10 /* ModernOverlay.png */ = {isa = PBXFileReference; lastKnownFileType = image.png; name = ModernOverlay.png; path = spotifyAB/ModernOverlay.png; sourceTree = "<group>"; };
		FBB1536B2002DBCE00C49C10 /* ClassicOverlay.png */ = {isa = PBXFileReference; lastKnownFileType = image.png; name = ClassicOverlay.png; path = spotifyAB/ClassicOverlay.png; sourceTree = "<group>"; };
		FBD56CB91C65A9F100FF0DCA /* spotifyPlus.bundle */ = {isa = PBXFileReference; explicitFileType = wrapper.cfbundle; includeInIndex = 0; path = spotifyPlus.bundle; sourceTree = BUILT_PRODUCTS_DIR; };
/* End PBXFileReference section */

/* Begin PBXFrameworksBuildPhase section */
		FBD56CB61C65A9F100FF0DCA /* Frameworks */ = {
			isa = PBXFrameworksBuildPhase;
			buildActionMask = 2147483647;
			files = (
			);
			runOnlyForDeploymentPostprocessing = 0;
		};
/* End PBXFrameworksBuildPhase section */

/* Begin PBXGroup section */
		FB011F6F1C6FCE5700353211 /* spotifyPlus */ = {
			isa = PBXGroup;
			children = (
				FBB153692002D84300C49C10 /* ZKSwizzle */,
				FBB1536A2002D84700C49C10 /* Overlays */,
				FB011F7A1C6FCEB700353211 /* main.h */,
				FB011F7B1C6FCEB700353211 /* main.m */,
				FB011F791C6FCEB700353211 /* Info.plist */,
			);
			name = spotifyPlus;
			sourceTree = "<group>";
		};
		FBB153692002D84300C49C10 /* ZKSwizzle */ = {
			isa = PBXGroup;
			children = (
				FB8755321C9DFB30000C9E27 /* ZKSwizzle.h */,
				FB8755331C9DFB30000C9E27 /* ZKSwizzle.m */,
			);
			name = ZKSwizzle;
			sourceTree = "<group>";
		};
		FBB1536A2002D84700C49C10 /* Overlays */ = {
			isa = PBXGroup;
			children = (
				FBB1536B2002DBCE00C49C10 /* ClassicOverlay.png */,
				FBB153652002D81F00C49C10 /* ModernOverlay.png */,
			);
			name = Overlays;
			sourceTree = "<group>";
		};
		FBD56CB01C65A9F100FF0DCA = {
			isa = PBXGroup;
			children = (
				FB011F6F1C6FCE5700353211 /* spotifyPlus */,
				FBD56CBA1C65A9F100FF0DCA /* Products */,
			);
			sourceTree = "<group>";
		};
		FBD56CBA1C65A9F100FF0DCA /* Products */ = {
			isa = PBXGroup;
			children = (
				FBD56CB91C65A9F100FF0DCA /* spotifyPlus.bundle */,
			);
			name = Products;
			sourceTree = "<group>";
		};
/* End PBXGroup section */

/* Begin PBXNativeTarget section */
		FBD56CB81C65A9F100FF0DCA /* spotifyPlus */ = {
			isa = PBXNativeTarget;
			buildConfigurationList = FBD56CBF1C65A9F100FF0DCA /* Build configuration list for PBXNativeTarget "spotifyPlus" */;
			buildPhases = (
				FBD56CB51C65A9F100FF0DCA /* Sources */,
				FBD56CB61C65A9F100FF0DCA /* Frameworks */,
				FBD56CB71C65A9F100FF0DCA /* Resources */,
				FBD56CC81C666E6800FF0DCA /* ShellScript */,
			);
			buildRules = (
			);
			dependencies = (
			);
			name = spotifyPlus;
			productName = spotiHack;
			productReference = FBD56CB91C65A9F100FF0DCA /* spotifyPlus.bundle */;
			productType = "com.apple.product-type.bundle";
		};
/* End PBXNativeTarget section */

/* Begin PBXProject section */
		FBD56CB11C65A9F100FF0DCA /* Project object */ = {
			isa = PBXProject;
			attributes = {
				LastUpgradeCheck = 1130;
				ORGANIZATIONNAME = "Wolfgang Baird";
				TargetAttributes = {
					FBD56CB81C65A9F100FF0DCA = {
						CreatedOnToolsVersion = 7.2;
					};
				};
			};
			buildConfigurationList = FBD56CB41C65A9F100FF0DCA /* Build configuration list for PBXProject "spotifyPlus" */;
			compatibilityVersion = "Xcode 3.2";
			developmentRegion = en;
			hasScannedForEncodings = 0;
			knownRegions = (
				en,
				Base,
			);
			mainGroup = FBD56CB01C65A9F100FF0DCA;
			productRefGroup = FBD56CBA1C65A9F100FF0DCA /* Products */;
			projectDirPath = "";
			projectRoot = "";
			targets = (
				FBD56CB81C65A9F100FF0DCA /* spotifyPlus */,
			);
		};
/* End PBXProject section */

/* Begin PBXResourcesBuildPhase section */
		FBD56CB71C65A9F100FF0DCA /* Resources */ = {
			isa = PBXResourcesBuildPhase;
			buildActionMask = 2147483647;
			files = (
				FBB153672002D81F00C49C10 /* ModernOverlay.png in Resources */,
				FBB1536C2002DBCE00C49C10 /* ClassicOverlay.png in Resources */,
			);
			runOnlyForDeploymentPostprocessing = 0;
		};
/* End PBXResourcesBuildPhase section */

/* Begin PBXShellScriptBuildPhase section */
		FBD56CC81C666E6800FF0DCA /* ShellScript */ = {
			isa = PBXShellScriptBuildPhase;
			buildActionMask = 2147483647;
			files = (
			);
			inputPaths = (
			);
			outputPaths = (
			);
			runOnlyForDeploymentPostprocessing = 0;
			shellPath = /bin/sh;
			shellScript = "# @desc Move bundle to SIMBL plugins folder after building\nif [[ -e /Library/Application\\ Support/SIMBL/Plugins ]]; then\ncp -Rf \"${BUILT_PRODUCTS_DIR}/${EXECUTABLE_NAME}.bundle\" /Library/Application\\ Support/SIMBL/Plugins\nfi";
		};
/* End PBXShellScriptBuildPhase section */

/* Begin PBXSourcesBuildPhase section */
		FBD56CB51C65A9F100FF0DCA /* Sources */ = {
			isa = PBXSourcesBuildPhase;
			buildActionMask = 2147483647;
			files = (
				FB011F7F1C6FCEB700353211 /* main.m in Sources */,
				FB8755341C9DFB30000C9E27 /* ZKSwizzle.m in Sources */,
			);
			runOnlyForDeploymentPostprocessing = 0;
		};
/* End PBXSourcesBuildPhase section */

/* Begin XCBuildConfiguration section */
		FBD56CBD1C65A9F100FF0DCA /* Debug */ = {
			isa = XCBuildConfiguration;
			buildSettings = {
				ALWAYS_SEARCH_USER_PATHS = NO;
				CLANG_ANALYZER_LOCALIZABILITY_NONLOCALIZED = YES;
				CLANG_CXX_LANGUAGE_STANDARD = "gnu++0x";
				CLANG_CXX_LIBRARY = "libc++";
				CLANG_ENABLE_MODULES = YES;
				CLANG_ENABLE_OBJC_ARC = YES;
				CLANG_WARN_BLOCK_CAPTURE_AUTORELEASING = YES;
				CLANG_WARN_BOOL_CONVERSION = YES;
				CLANG_WARN_COMMA = YES;
				CLANG_WARN_CONSTANT_CONVERSION = YES;
				CLANG_WARN_DEPRECATED_OBJC_IMPLEMENTATIONS = YES;
				CLANG_WARN_DIRECT_OBJC_ISA_USAGE = YES_ERROR;
				CLANG_WARN_EMPTY_BODY = YES;
				CLANG_WARN_ENUM_CONVERSION = YES;
				CLANG_WARN_INFINITE_RECURSION = YES;
				CLANG_WARN_INT_CONVERSION = YES;
				CLANG_WARN_NON_LITERAL_NULL_CONVERSION = YES;
				CLANG_WARN_OBJC_IMPLICIT_RETAIN_SELF = YES;
				CLANG_WARN_OBJC_LITERAL_CONVERSION = YES;
				CLANG_WARN_OBJC_ROOT_CLASS = YES_ERROR;
				CLANG_WARN_RANGE_LOOP_ANALYSIS = YES;
				CLANG_WARN_STRICT_PROTOTYPES = YES;
				CLANG_WARN_SUSPICIOUS_MOVE = YES;
				CLANG_WARN_UNREACHABLE_CODE = YES;
				CLANG_WARN__DUPLICATE_METHOD_MATCH = YES;
				CODE_SIGN_IDENTITY = "-";
				COPY_PHASE_STRIP = NO;
				DEBUG_INFORMATION_FORMAT = dwarf;
				ENABLE_STRICT_OBJC_MSGSEND = YES;
				ENABLE_TESTABILITY = YES;
				GCC_C_LANGUAGE_STANDARD = gnu99;
				GCC_DYNAMIC_NO_PIC = NO;
				GCC_NO_COMMON_BLOCKS = YES;
				GCC_OPTIMIZATION_LEVEL = 0;
				GCC_PREPROCESSOR_DEFINITIONS = (
					"DEBUG=1",
					"$(inherited)",
				);
				GCC_WARN_64_TO_32_BIT_CONVERSION = YES;
				GCC_WARN_ABOUT_RETURN_TYPE = YES_ERROR;
				GCC_WARN_UNDECLARED_SELECTOR = YES;
				GCC_WARN_UNINITIALIZED_AUTOS = YES_AGGRESSIVE;
				GCC_WARN_UNUSED_FUNCTION = YES;
				GCC_WARN_UNUSED_VARIABLE = YES;
				MACOSX_DEPLOYMENT_TARGET = 10.9;
				MTL_ENABLE_DEBUG_INFO = YES;
				ONLY_ACTIVE_ARCH = YES;
				SDKROOT = macosx;
			};
			name = Debug;
		};
		FBD56CBE1C65A9F100FF0DCA /* Release */ = {
			isa = XCBuildConfiguration;
			buildSettings = {
				ALWAYS_SEARCH_USER_PATHS = NO;
				CLANG_ANALYZER_LOCALIZABILITY_NONLOCALIZED = YES;
				CLANG_CXX_LANGUAGE_STANDARD = "gnu++0x";
				CLANG_CXX_LIBRARY = "libc++";
				CLANG_ENABLE_MODULES = YES;
				CLANG_ENABLE_OBJC_ARC = YES;
				CLANG_WARN_BLOCK_CAPTURE_AUTORELEASING = YES;
				CLANG_WARN_BOOL_CONVERSION = YES;
				CLANG_WARN_COMMA = YES;
				CLANG_WARN_CONSTANT_CONVERSION = YES;
				CLANG_WARN_DEPRECATED_OBJC_IMPLEMENTATIONS = YES;
				CLANG_WARN_DIRECT_OBJC_ISA_USAGE = YES_ERROR;
				CLANG_WARN_EMPTY_BODY = YES;
				CLANG_WARN_ENUM_CONVERSION = YES;
				CLANG_WARN_INFINITE_RECURSION = YES;
				CLANG_WARN_INT_CONVERSION = YES;
				CLANG_WARN_NON_LITERAL_NULL_CONVERSION = YES;
				CLANG_WARN_OBJC_IMPLICIT_RETAIN_SELF = YES;
				CLANG_WARN_OBJC_LITERAL_CONVERSION = YES;
				CLANG_WARN_OBJC_ROOT_CLASS = YES_ERROR;
				CLANG_WARN_RANGE_LOOP_ANALYSIS = YES;
				CLANG_WARN_STRICT_PROTOTYPES = YES;
				CLANG_WARN_SUSPICIOUS_MOVE = YES;
				CLANG_WARN_UNREACHABLE_CODE = YES;
				CLANG_WARN__DUPLICATE_METHOD_MATCH = YES;
				CODE_SIGN_IDENTITY = "-";
				COPY_PHASE_STRIP = NO;
				DEBUG_INFORMATION_FORMAT = "dwarf-with-dsym";
				ENABLE_NS_ASSERTIONS = NO;
				ENABLE_STRICT_OBJC_MSGSEND = YES;
				GCC_C_LANGUAGE_STANDARD = gnu99;
				GCC_NO_COMMON_BLOCKS = YES;
				GCC_WARN_64_TO_32_BIT_CONVERSION = YES;
				GCC_WARN_ABOUT_RETURN_TYPE = YES_ERROR;
				GCC_WARN_UNDECLARED_SELECTOR = YES;
				GCC_WARN_UNINITIALIZED_AUTOS = YES_AGGRESSIVE;
				GCC_WARN_UNUSED_FUNCTION = YES;
				GCC_WARN_UNUSED_VARIABLE = YES;
				MACOSX_DEPLOYMENT_TARGET = 10.9;
				MTL_ENABLE_DEBUG_INFO = NO;
				SDKROOT = macosx;
			};
			name = Release;
		};
		FBD56CC01C65A9F100FF0DCA /* Debug */ = {
			isa = XCBuildConfiguration;
			buildSettings = {
				COMBINE_HIDPI_IMAGES = YES;
				CURRENT_PROJECT_VERSION = 22;
				DEPLOYMENT_LOCATION = YES;
				DSTROOT = /;
				INFOPLIST_FILE = spotifyAB/Info.plist;
				INSTALL_PATH = "/Library/Application Support/MacEnhance/Plugins";
				MARKETING_VERSION = 0.9.1;
				PRODUCT_BUNDLE_IDENTIFIER = org.w0lf.spotiHack;
				PRODUCT_NAME = spotifyPlus;
				SKIP_INSTALL = NO;
				WRAPPER_EXTENSION = bundle;
			};
			name = Debug;
		};
		FBD56CC11C65A9F100FF0DCA /* Release */ = {
			isa = XCBuildConfiguration;
			buildSettings = {
				COMBINE_HIDPI_IMAGES = YES;
				CURRENT_PROJECT_VERSION = 22;
				DEPLOYMENT_LOCATION = YES;
				DSTROOT = /;
				INFOPLIST_FILE = spotifyAB/Info.plist;
				INSTALL_PATH = "/Library/Application Support/MacEnhance/Plugins";
				MARKETING_VERSION = 0.9.1;
				PRODUCT_BUNDLE_IDENTIFIER = org.w0lf.spotiHack;
				PRODUCT_NAME = spotifyPlus;
				SKIP_INSTALL = NO;
				WRAPPER_EXTENSION = bundle;
			};
			name = Release;
		};
/* End XCBuildConfiguration section */

/* Begin XCConfigurationList section */
		FBD56CB41C65A9F100FF0DCA /* Build configuration list for PBXProject "spotifyPlus" */ = {
			isa = XCConfigurationList;
			buildConfigurations = (
				FBD56CBD1C65A9F100FF0DCA /* Debug */,
				FBD56CBE1C65A9F100FF0DCA /* Release */,
			);
			defaultConfigurationIsVisible = 0;
			defaultConfigurationName = Release;
		};
		FBD56CBF1C65A9F100FF0DCA /* Build configuration list for PBXNativeTarget "spotifyPlus" */ = {
			isa = XCConfigurationList;
			buildConfigurations = (
				FBD56CC01C65A9F100FF0DCA /* Debug */,
				FBD56CC11C65A9F100FF0DCA /* Release */,
			);
			defaultConfigurationIsVisible = 0;
			defaultConfigurationName = Release;
		};
/* End XCConfigurationList section */
	};
	rootObject = FBD56CB11C65A9F100FF0DCA /* Project object */;
}
